
Microsoft Visual Studio Solution File, Format Version 12.00
# Visual Studio Version 17
VisualStudioVersion = 17.14.36127.28
MinimumVisualStudioVersion = 10.0.40219.1
Project("{FAE04EC0-301F-11D3-BF4B-00C04F79EFBC}") = "BloodDonation.Mvcs", "BloodDonation.Mvcs\BloodDonation.Mvcs.csproj", "{269B3282-1C59-08D7-C6CC-9CC73E0B4607}"
EndProject
Project("{FAE04EC0-301F-11D3-BF4B-00C04F79EFBC}") = "BloodDonation.Domain", "BloodDonation.Domain\BloodDonation.Domain.csproj", "{A05EB44A-53A8-90FD-FDDC-7C0DBD29E67D}"
EndProject
Project("{FAE04EC0-301F-11D3-BF4B-00C04F79EFBC}") = "BloodDonation.Repositories", "BloodDonation.Repositories\BloodDonation.Repositories.csproj", "{2F876F28-D06E-F599-0F3A-DAB1D865BC5F}"
EndProject
Project("{FAE04EC0-301F-11D3-BF4B-00C04F79EFBC}") = "BloodDonation.Services", "BloodDonation.Services\BloodDonation.Services.csproj", "{07EACE43-64A8-9699-2A83-26C77A1008D3}"
EndProject
Global
	GlobalSection(SolutionConfigurationPlatforms) = preSolution
		Debug|Any CPU = Debug|Any CPU
		Release|Any CPU = Release|Any CPU
	EndGlobalSection
	GlobalSection(ProjectConfigurationPlatforms) = postSolution
		{269B3282-1C59-08D7-C6CC-9CC73E0B4607}.Debug|Any CPU.ActiveCfg = Debug|Any CPU
		{269B3282-1C59-08D7-C6CC-9CC73E0B4607}.Debug|Any CPU.Build.0 = Debug|Any CPU
		{269B3282-1C59-08D7-C6CC-9CC73E0B4607}.Release|Any CPU.ActiveCfg = Release|Any CPU
		{269B3282-1C59-08D7-C6CC-9CC73E0B4607}.Release|Any CPU.Build.0 = Release|Any CPU
		{A05EB44A-53A8-90FD-FDDC-7C0DBD29E67D}.Debug|Any CPU.ActiveCfg = Debug|Any CPU
		{A05EB44A-53A8-90FD-FDDC-7C0DBD29E67D}.Debug|Any CPU.Build.0 = Debug|Any CPU
		{A05EB44A-53A8-90FD-FDDC-7C0DBD29E67D}.Release|Any CPU.ActiveCfg = Release|Any CPU
		{A05EB44A-53A8-90FD-FDDC-7C0DBD29E67D}.Release|Any CPU.Build.0 = Release|Any CPU
		{2F876F28-D06E-F599-0F3A-DAB1D865BC5F}.Debug|Any CPU.ActiveCfg = Debug|Any CPU
		{2F876F28-D06E-F599-0F3A-DAB1D865BC5F}.Debug|Any CPU.Build.0 = Debug|Any CPU
		{2F876F28-D06E-F599-0F3A-DAB1D865BC5F}.Release|Any CPU.ActiveCfg = Release|Any CPU
		{2F876F28-D06E-F599-0F3A-DAB1D865BC5F}.Release|Any CPU.Build.0 = Release|Any CPU
		{07EACE43-64A8-9699-2A83-26C77A1008D3}.Debug|Any CPU.ActiveCfg = Debug|Any CPU
		{07EACE43-64A8-9699-2A83-26C77A1008D3}.Debug|Any CPU.Build.0 = Debug|Any CPU
		{07EACE43-64A8-9699-2A83-26C77A1008D3}.Release|Any CPU.ActiveCfg = Release|Any CPU
		{07EACE43-64A8-9699-2A83-26C77A1008D3}.Release|Any CPU.Build.0 = Release|Any CPU
	EndGlobalSection
	GlobalSection(SolutionProperties) = preSolution
		HideSolutionNode = FALSE
	EndGlobalSection
	GlobalSection(ExtensibilityGlobals) = postSolution
		SolutionGuid = {86209F88-6D32-459D-9C42-6AEE61A5D12F}
	EndGlobalSection
EndGlobal
